// !$*UTF8*$!
{
	archiveVersion = 1;
	classes = {
	};
	objectVersion = 50;
	objects = {

/* Begin PBXBuildFile section */
		17BC689A255DBA6400F10B92 /* WrappedTextInputExampleApp.swift in Sources */ = {isa = PBXBuildFile; fileRef = 17BC6899255DBA6400F10B92 /* WrappedTextInputExampleApp.swift */; };
		17BC689C255DBA6400F10B92 /* ContentView.swift in Sources */ = {isa = PBXBuildFile; fileRef = 17BC689B255DBA6400F10B92 /* ContentView.swift */; };
		17BC689E255DBA6600F10B92 /* Assets.xcassets in Resources */ = {isa = PBXBuildFile; fileRef = 17BC689D255DBA6600F10B92 /* Assets.xcassets */; };
		17BC68A1255DBA6600F10B92 /* Preview Assets.xcassets in Resources */ = {isa = PBXBuildFile; fileRef = 17BC68A0255DBA6600F10B92 /* Preview Assets.xcassets */; };
		17BC68AA255DBA9600F10B92 /* WrappedTextField.swift in Sources */ = {isa = PBXBuildFile; fileRef = 17BC68A9255DBA9600F10B92 /* WrappedTextField.swift */; };
		17BC68AD255DBAD100F10B92 /* WrappedTextView.swift in Sources */ = {isa = PBXBuildFile; fileRef = 17BC68AC255DBAD100F10B92 /* WrappedTextView.swift */; };
/* End PBXBuildFile section */

/* Begin PBXFileReference section */
		17BC6896255DBA6400F10B92 /* WrappedTextInputExample.app */ = {isa = PBXFileReference; explicitFileType = wrapper.application; includeInIndex = 0; path = WrappedTextInputExample.app; sourceTree = BUILT_PRODUCTS_DIR; };
		17BC6899255DBA6400F10B92 /* WrappedTextInputExampleApp.swift */ = {isa = PBXFileReference; lastKnownFileType = sourcecode.swift; path = WrappedTextInputExampleApp.swift; sourceTree = "<group>"; };
		17BC689B255DBA6400F10B92 /* ContentView.swift */ = {isa = PBXFileReference; lastKnownFileType = sourcecode.swift; path = ContentView.swift; sourceTree = "<group>"; };
		17BC689D255DBA6600F10B92 /* Assets.xcassets */ = {isa = PBXFileReference; lastKnownFileType = folder.assetcatalog; path = Assets.xcassets; sourceTree = "<group>"; };
		17BC68A0255DBA6600F10B92 /* Preview Assets.xcassets */ = {isa = PBXFileReference; lastKnownFileType = folder.assetcatalog; path = "Preview Assets.xcassets"; sourceTree = "<group>"; };
		17BC68A2255DBA6600F10B92 /* Info.plist */ = {isa = PBXFileReference; lastKnownFileType = text.plist.xml; path = Info.plist; sourceTree = "<group>"; };
		17BC68A9255DBA9600F10B92 /* WrappedTextField.swift */ = {isa = PBXFileReference; lastKnownFileType = sourcecode.swift; path = WrappedTextField.swift; sourceTree = "<group>"; };
		17BC68AC255DBAD100F10B92 /* WrappedTextView.swift */ = {isa = PBXFileReference; lastKnownFileType = sourcecode.swift; path = WrappedTextView.swift; sourceTree = "<group>"; };
/* End PBXFileReference section */

/* Begin PBXFrameworksBuildPhase section */
		17BC6893255DBA6400F10B92 /* Frameworks */ = {
			isa = PBXFrameworksBuildPhase;
			buildActionMask = 2147483647;
			files = (
			);
			runOnlyForDeploymentPostprocessing = 0;
		};
/* End PBXFrameworksBuildPhase section */

/* Begin PBXGroup section */
		17BC688D255DBA6300F10B92 = {
			isa = PBXGroup;
			children = (
				17BC6898255DBA6400F10B92 /* WrappedTextInputExample */,
				17BC6897255DBA6400F10B92 /* Products */,
			);
			sourceTree = "<group>";
		};
		17BC6897255DBA6400F10B92 /* Products */ = {
			isa = PBXGroup;
			children = (
				17BC6896255DBA6400F10B92 /* WrappedTextInputExample.app */,
			);
			name = Products;
			sourceTree = "<group>";
		};
		17BC6898255DBA6400F10B92 /* WrappedTextInputExample */ = {
			isa = PBXGroup;
			children = (
				17BC6899255DBA6400F10B92 /* WrappedTextInputExampleApp.swift */,
				17BC689B255DBA6400F10B92 /* ContentView.swift */,
				17BC68A9255DBA9600F10B92 /* WrappedTextField.swift */,
				17BC68AC255DBAD100F10B92 /* WrappedTextView.swift */,
				17BC689D255DBA6600F10B92 /* Assets.xcassets */,
				17BC68A2255DBA6600F10B92 /* Info.plist */,
				17BC689F255DBA6600F10B92 /* Preview Content */,
			);
			path = WrappedTextInputExample;
			sourceTree = "<group>";
		};
		17BC689F255DBA6600F10B92 /* Preview Content */ = {
			isa = PBXGroup;
			children = (
				17BC68A0255DBA6600F10B92 /* Preview Assets.xcassets */,
			);
			path = "Preview Content";
			sourceTree = "<group>";
		};
/* End PBXGroup section */

/* Begin PBXNativeTarget section */
		17BC6895255DBA6400F10B92 /* WrappedTextInputExample */ = {
			isa = PBXNativeTarget;
			buildConfigurationList = 17BC68A5255DBA6600F10B92 /* Build configuration list for PBXNativeTarget "WrappedTextInputExample" */;
			buildPhases = (
				17BC6892255DBA6400F10B92 /* Sources */,
				17BC6893255DBA6400F10B92 /* Frameworks */,
				17BC6894255DBA6400F10B92 /* Resources */,
			);
			buildRules = (
			);
			dependencies = (
			);
			name = WrappedTextInputExample;
			productName = WrappedTextInputExample;
			productReference = 17BC6896255DBA6400F10B92 /* WrappedTextInputExample.app */;
			productType = "com.apple.product-type.application";
		};
/* End PBXNativeTarget section */

/* Begin PBXProject section */
		17BC688E255DBA6300F10B92 /* Project object */ = {
			isa = PBXProject;
			attributes = {
				LastSwiftUpdateCheck = 1220;
				LastUpgradeCheck = 1220;
				TargetAttributes = {
					17BC6895255DBA6400F10B92 = {
						CreatedOnToolsVersion = 12.2;
					};
				};
			};
			buildConfigurationList = 17BC6891255DBA6300F10B92 /* Build configuration list for PBXProject "WrappedTextInputExample" */;
			compatibilityVersion = "Xcode 9.3";
			developmentRegion = en;
			hasScannedForEncodings = 0;
			knownRegions = (
				en,
				Base,
			);
			mainGroup = 17BC688D255DBA6300F10B92;
			productRefGroup = 17BC6897255DBA6400F10B92 /* Products */;
			projectDirPath = "";
			projectRoot = "";
			targets = (
				17BC6895255DBA6400F10B92 /* WrappedTextInputExample */,
			);
		};
/* End PBXProject section */

/* Begin PBXResourcesBuildPhase section */
		17BC6894255DBA6400F10B92 /* Resources */ = {
			isa = PBXResourcesBuildPhase;
			buildActionMask = 2147483647;
			files = (
				17BC68A1255DBA6600F10B92 /* Preview Assets.xcassets in Resources */,
				17BC689E255DBA6600F10B92 /* Assets.xcassets in Resources */,
			);
			runOnlyForDeploymentPostprocessing = 0;
		};
/* End PBXResourcesBuildPhase section */

/* Begin PBXSourcesBuildPhase section */
		17BC6892255DBA6400F10B92 /* Sources */ = {
			isa = PBXSourcesBuildPhase;
			buildActionMask = 2147483647;
			files = (
				17BC68AA255DBA9600F10B92 /* WrappedTextField.swift in Sources */,
				17BC689C255DBA6400F10B92 /* ContentView.swift in Sources */,
				17BC689A255DBA6400F10B92 /* WrappedTextInputExampleApp.swift in Sources */,
				17BC68AD255DBAD100F10B92 /* WrappedTextView.swift in Sources */,
			);
			runOnlyForDeploymentPostprocessing = 0;
		};
/* End PBXSourcesBuildPhase section */

/* Begin XCBuildConfiguration section */
		17BC68A3255DBA6600F10B92 /* Debug */ = {
			isa = XCBuildConfiguration;
			buildSettings = {
				ALWAYS_SEARCH_USER_PATHS = NO;
				CLANG_ANALYZER_NONNULL = YES;
				CLANG_ANALYZER_NUMBER_OBJECT_CONVERSION = YES_AGGRESSIVE;
				CLANG_CXX_LANGUAGE_STANDARD = "gnu++14";
				CLANG_CXX_LIBRARY = "libc++";
				CLANG_ENABLE_MODULES = YES;
				CLANG_ENABLE_OBJC_ARC = YES;
				CLANG_ENABLE_OBJC_WEAK = YES;
				CLANG_WARN_BLOCK_CAPTURE_AUTORELEASING = YES;
				CLANG_WARN_BOOL_CONVERSION = YES;
				CLANG_WARN_COMMA = YES;
				CLANG_WARN_CONSTANT_CONVERSION = YES;
				CLANG_WARN_DEPRECATED_OBJC_IMPLEMENTATIONS = YES;
				CLANG_WARN_DIRECT_OBJC_ISA_USAGE = YES_ERROR;
				CLANG_WARN_DOCUMENTATION_COMMENTS = YES;
				CLANG_WARN_EMPTY_BODY = YES;
				CLANG_WARN_ENUM_CONVERSION = YES;
				CLANG_WARN_INFINITE_RECURSION = YES;
				CLANG_WARN_INT_CONVERSION = YES;
				CLANG_WARN_NON_LITERAL_NULL_CONVERSION = YES;
				CLANG_WARN_OBJC_IMPLICIT_RETAIN_SELF = YES;
				CLANG_WARN_OBJC_LITERAL_CONVERSION = YES;
				CLANG_WARN_OBJC_ROOT_CLASS = YES_ERROR;
				CLANG_WARN_QUOTED_INCLUDE_IN_FRAMEWORK_HEADER = YES;
				CLANG_WARN_RANGE_LOOP_ANALYSIS = YES;
				CLANG_WARN_STRICT_PROTOTYPES = YES;
				CLANG_WARN_SUSPICIOUS_MOVE = YES;
				CLANG_WARN_UNGUARDED_AVAILABILITY = YES_AGGRESSIVE;
				CLANG_WARN_UNREACHABLE_CODE = YES;
				CLANG_WARN__DUPLICATE_METHOD_MATCH = YES;
				COPY_PHASE_STRIP = NO;
				DEBUG_INFORMATION_FORMAT = dwarf;
				ENABLE_STRICT_OBJC_MSGSEND = YES;
				ENABLE_TESTABILITY = YES;
				GCC_C_LANGUAGE_STANDARD = gnu11;
				GCC_DYNAMIC_NO_PIC = NO;
				GCC_NO_COMMON_BLOCKS = YES;
				GCC_OPTIMIZATION_LEVEL = 0;
				GCC_PREPROCESSOR_DEFINITIONS = (
					"DEBUG=1",
					"$(inherited)",
				);
				GCC_WARN_64_TO_32_BIT_CONVERSION = YES;
				GCC_WARN_ABOUT_RETURN_TYPE = YES_ERROR;
				GCC_WARN_UNDECLARED_SELECTOR = YES;
				GCC_WARN_UNINITIALIZED_AUTOS = YES_AGGRESSIVE;
				GCC_WARN_UNUSED_FUNCTION = YES;
				GCC_WARN_UNUSED_VARIABLE = YES;
				IPHONEOS_DEPLOYMENT_TARGET = 14.2;
				MTL_ENABLE_DEBUG_INFO = INCLUDE_SOURCE;
				MTL_FAST_MATH = YES;
				ONLY_ACTIVE_ARCH = YES;
				SDKROOT = iphoneos;
				SWIFT_ACTIVE_COMPILATION_CONDITIONS = DEBUG;
				SWIFT_OPTIMIZATION_LEVEL = "-Onone";
			};
			name = Debug;
		};
		17BC68A4255DBA6600F10B92 /* Release */ = {
			isa = XCBuildConfiguration;
			buildSettings = {
				ALWAYS_SEARCH_USER_PATHS = NO;
				CLANG_ANALYZER_NONNULL = YES;
				CLANG_ANALYZER_NUMBER_OBJECT_CONVERSION = YES_AGGRESSIVE;
				CLANG_CXX_LANGUAGE_STANDARD = "gnu++14";
				CLANG_CXX_LIBRARY = "libc++";
				CLANG_ENABLE_MODULES = YES;
				CLANG_ENABLE_OBJC_ARC = YES;
				CLANG_ENABLE_OBJC_WEAK = YES;
				CLANG_WARN_BLOCK_CAPTURE_AUTORELEASING = YES;
				CLANG_WARN_BOOL_CONVERSION = YES;
				CLANG_WARN_COMMA = YES;
				CLANG_WARN_CONSTANT_CONVERSION = YES;
				CLANG_WARN_DEPRECATED_OBJC_IMPLEMENTATIONS = YES;
				CLANG_WARN_DIRECT_OBJC_ISA_USAGE = YES_ERROR;
				CLANG_WARN_DOCUMENTATION_COMMENTS = YES;
				CLANG_WARN_EMPTY_BODY = YES;
				CLANG_WARN_ENUM_CONVERSION = YES;
				CLANG_WARN_INFINITE_RECURSION = YES;
				CLANG_WARN_INT_CONVERSION = YES;
				CLANG_WARN_NON_LITERAL_NULL_CONVERSION = YES;
				CLANG_WARN_OBJC_IMPLICIT_RETAIN_SELF = YES;
				CLANG_WARN_OBJC_LITERAL_CONVERSION = YES;
				CLANG_WARN_OBJC_ROOT_CLASS = YES_ERROR;
				CLANG_WARN_QUOTED_INCLUDE_IN_FRAMEWORK_HEADER = YES;
				CLANG_WARN_RANGE_LOOP_ANALYSIS = YES;
				CLANG_WARN_STRICT_PROTOTYPES = YES;
				CLANG_WARN_SUSPICIOUS_MOVE = YES;
				CLANG_WARN_UNGUARDED_AVAILABILITY = YES_AGGRESSIVE;
				CLANG_WARN_UNREACHABLE_CODE = YES;
				CLANG_WARN__DUPLICATE_METHOD_MATCH = YES;
				COPY_PHASE_STRIP = NO;
				DEBUG_INFORMATION_FORMAT = "dwarf-with-dsym";
				ENABLE_NS_ASSERTIONS = NO;
				ENABLE_STRICT_OBJC_MSGSEND = YES;
				GCC_C_LANGUAGE_STANDARD = gnu11;
				GCC_NO_COMMON_BLOCKS = YES;
				GCC_WARN_64_TO_32_BIT_CONVERSION = YES;
				GCC_WARN_ABOUT_RETURN_TYPE = YES_ERROR;
				GCC_WARN_UNDECLARED_SELECTOR = YES;
				GCC_WARN_UNINITIALIZED_AUTOS = YES_AGGRESSIVE;
				GCC_WARN_UNUSED_FUNCTION = YES;
				GCC_WARN_UNUSED_VARIABLE = YES;
				IPHONEOS_DEPLOYMENT_TARGET = 14.2;
				MTL_ENABLE_DEBUG_INFO = NO;
				MTL_FAST_MATH = YES;
				SDKROOT = iphoneos;
				SWIFT_COMPILATION_MODE = wholemodule;
				SWIFT_OPTIMIZATION_LEVEL = "-O";
				VALIDATE_PRODUCT = YES;
			};
			name = Release;
		};
		17BC68A6255DBA6600F10B92 /* Debug */ = {
			isa = XCBuildConfiguration;
			buildSettings = {
				ASSETCATALOG_COMPILER_APPICON_NAME = AppIcon;
				ASSETCATALOG_COMPILER_GLOBAL_ACCENT_COLOR_NAME = AccentColor;
				CODE_SIGN_STYLE = Automatic;
				DEVELOPMENT_ASSET_PATHS = "\"WrappedTextInputExample/Preview Content\"";
				DEVELOPMENT_TEAM = 5EU84764M5;
				ENABLE_PREVIEWS = YES;
				INFOPLIST_FILE = WrappedTextInputExample/Info.plist;
				IPHONEOS_DEPLOYMENT_TARGET = 14.0;
				LD_RUNPATH_SEARCH_PATHS = (
					"$(inherited)",
					"@executable_path/Frameworks",
				);
				PRODUCT_BUNDLE_IDENTIFIER = dev.angelostavrow.WrappedTextInputExample;
				PRODUCT_NAME = "$(TARGET_NAME)";
				SWIFT_VERSION = 5.0;
				TARGETED_DEVICE_FAMILY = "1,2";
			};
			name = Debug;
		};
		17BC68A7255DBA6600F10B92 /* Release */ = {
			isa = XCBuildConfiguration;
			buildSettings = {
				ASSETCATALOG_COMPILER_APPICON_NAME = AppIcon;
				ASSETCATALOG_COMPILER_GLOBAL_ACCENT_COLOR_NAME = AccentColor;
				CODE_SIGN_STYLE = Automatic;
				DEVELOPMENT_ASSET_PATHS = "\"WrappedTextInputExample/Preview Content\"";
				DEVELOPMENT_TEAM = 5EU84764M5;
				ENABLE_PREVIEWS = YES;
				INFOPLIST_FILE = WrappedTextInputExample/Info.plist;
				IPHONEOS_DEPLOYMENT_TARGET = 14.0;
				LD_RUNPATH_SEARCH_PATHS = (
					"$(inherited)",
					"@executable_path/Frameworks",
				);
				PRODUCT_BUNDLE_IDENTIFIER = dev.angelostavrow.WrappedTextInputExample;
				PRODUCT_NAME = "$(TARGET_NAME)";
				SWIFT_VERSION = 5.0;
				TARGETED_DEVICE_FAMILY = "1,2";
			};
			name = Release;
		};
/* End XCBuildConfiguration section */

/* Begin XCConfigurationList section */
		17BC6891255DBA6300F10B92 /* Build configuration list for PBXProject "WrappedTextInputExample" */ = {
			isa = XCConfigurationList;
			buildConfigurations = (
				17BC68A3255DBA6600F10B92 /* Debug */,
				17BC68A4255DBA6600F10B92 /* Release */,
			);
			defaultConfigurationIsVisible = 0;
			defaultConfigurationName = Release;
		};
		17BC68A5255DBA6600F10B92 /* Build configuration list for PBXNativeTarget "WrappedTextInputExample" */ = {
			isa = XCConfigurationList;
			buildConfigurations = (
				17BC68A6255DBA6600F10B92 /* Debug */,
				17BC68A7255DBA6600F10B92 /* Release */,
			);
			defaultConfigurationIsVisible = 0;
			defaultConfigurationName = Release;
		};
/* End XCConfigurationList section */
	};
	rootObject = 17BC688E255DBA6300F10B92 /* Project object */;
}
